
Microsoft Visual Studio Solution File, Format Version 12.00
# Visual Studio Version 17
VisualStudioVersion = 17.4.33122.133
MinimumVisualStudioVersion = 10.0.40219.1
Project("{FAE04EC0-301F-11D3-BF4B-00C04F79EFBC}") = "FullStackCRUD", "FullStackCRUD.csproj", "{A44D4454-67AC-44F0-A9A0-FAAA11257FFF}"
EndProject
Global
	GlobalSection(SolutionConfigurationPlatforms) = preSolution
		Debug|Any CPU = Debug|Any CPU
		Release|Any CPU = Release|Any CPU
	EndGlobalSection
	GlobalSection(ProjectConfigurationPlatforms) = postSolution
		{A44D4454-67AC-44F0-A9A0-FAAA11257FFF}.Debug|Any CPU.ActiveCfg = Debug|Any CPU
		{A44D4454-67AC-44F0-A9A0-FAAA11257FFF}.Debug|Any CPU.Build.0 = Debug|Any CPU
		{A44D4454-67AC-44F0-A9A0-FAAA11257FFF}.Release|Any CPU.ActiveCfg = Release|Any CPU
		{A44D4454-67AC-44F0-A9A0-FAAA11257FFF}.Release|Any CPU.Build.0 = Release|Any CPU
	EndGlobalSection
	GlobalSection(SolutionProperties) = preSolution
		HideSolutionNode = FALSE
	EndGlobalSection
	GlobalSection(ExtensibilityGlobals) = postSolution
		SolutionGuid = {2D7E14B0-EB6C-426E-B734-6F55EC1EA84F}
	EndGlobalSection
EndGlobal
